// !$*UTF8*$!
{
	archiveVersion = 1;
	classes = {
	};
	objectVersion = 56;
	objects = {

/* Begin PBXBuildFile section */
		6188B6A82CBD5C24000580C1 /* AppDelegate.swift in Sources */ = {isa = PBXBuildFile; fileRef = 6188B69E2CBD5C24000580C1 /* AppDelegate.swift */; };
		6188B6A92CBD5C24000580C1 /* SceneDelegate.swift in Sources */ = {isa = PBXBuildFile; fileRef = 6188B6A52CBD5C24000580C1 /* SceneDelegate.swift */; };
		6188B6AA2CBD5C24000580C1 /* ViewController.swift in Sources */ = {isa = PBXBuildFile; fileRef = 6188B6A62CBD5C24000580C1 /* ViewController.swift */; };
		6188B6AB2CBD5C24000580C1 /* Assets.xcassets in Resources */ = {isa = PBXBuildFile; fileRef = 6188B69F2CBD5C24000580C1 /* Assets.xcassets */; };
		6188B6AD2CBD5C24000580C1 /* LaunchScreen.storyboard in Resources */ = {isa = PBXBuildFile; fileRef = 6188B6A22CBD5C24000580C1 /* LaunchScreen.storyboard */; };
		6188B6AE2CBD5C24000580C1 /* Main.storyboard in Resources */ = {isa = PBXBuildFile; fileRef = 6188B6A42CBD5C24000580C1 /* Main.storyboard */; };
		8777FDC743F41F4A6D136AD4 /* Pods_Cocoapods_ToastDeneme.framework in Frameworks */ = {isa = PBXBuildFile; fileRef = C471FEA2A03C191D8CA65591 /* Pods_Cocoapods_ToastDeneme.framework */; };
/* End PBXBuildFile section */

/* Begin PBXFileReference section */
		520C15D204304D9B5EB5017B /* Pods-Cocoapods-ToastDeneme.debug.xcconfig */ = {isa = PBXFileReference; includeInIndex = 1; lastKnownFileType = text.xcconfig; name = "Pods-Cocoapods-ToastDeneme.debug.xcconfig"; path = "Target Support Files/Pods-Cocoapods-ToastDeneme/Pods-Cocoapods-ToastDeneme.debug.xcconfig"; sourceTree = "<group>"; };
		6188B6862CBD5BFA000580C1 /* Cocoapods-ToastDeneme.app */ = {isa = PBXFileReference; explicitFileType = wrapper.application; includeInIndex = 0; path = "Cocoapods-ToastDeneme.app"; sourceTree = BUILT_PRODUCTS_DIR; };
		6188B69E2CBD5C24000580C1 /* AppDelegate.swift */ = {isa = PBXFileReference; lastKnownFileType = sourcecode.swift; path = AppDelegate.swift; sourceTree = "<group>"; };
		6188B69F2CBD5C24000580C1 /* Assets.xcassets */ = {isa = PBXFileReference; lastKnownFileType = folder.assetcatalog; path = Assets.xcassets; sourceTree = "<group>"; };
		6188B6A02CBD5C24000580C1 /* Info.plist */ = {isa = PBXFileReference; lastKnownFileType = text.plist.xml; path = Info.plist; sourceTree = "<group>"; };
		6188B6A12CBD5C24000580C1 /* Base */ = {isa = PBXFileReference; lastKnownFileType = file.storyboard; name = Base; path = Base.lproj/LaunchScreen.storyboard; sourceTree = "<group>"; };
		6188B6A32CBD5C24000580C1 /* Base */ = {isa = PBXFileReference; lastKnownFileType = file.storyboard; name = Base; path = Base.lproj/Main.storyboard; sourceTree = "<group>"; };
		6188B6A52CBD5C24000580C1 /* SceneDelegate.swift */ = {isa = PBXFileReference; lastKnownFileType = sourcecode.swift; path = SceneDelegate.swift; sourceTree = "<group>"; };
		6188B6A62CBD5C24000580C1 /* ViewController.swift */ = {isa = PBXFileReference; lastKnownFileType = sourcecode.swift; path = ViewController.swift; sourceTree = "<group>"; };
		C471FEA2A03C191D8CA65591 /* Pods_Cocoapods_ToastDeneme.framework */ = {isa = PBXFileReference; explicitFileType = wrapper.framework; includeInIndex = 0; path = Pods_Cocoapods_ToastDeneme.framework; sourceTree = BUILT_PRODUCTS_DIR; };
		F11AD180B97AB3D44D777FBA /* Pods-Cocoapods-ToastDeneme.release.xcconfig */ = {isa = PBXFileReference; includeInIndex = 1; lastKnownFileType = text.xcconfig; name = "Pods-Cocoapods-ToastDeneme.release.xcconfig"; path = "Target Support Files/Pods-Cocoapods-ToastDeneme/Pods-Cocoapods-ToastDeneme.release.xcconfig"; sourceTree = "<group>"; };
/* End PBXFileReference section */

/* Begin PBXFrameworksBuildPhase section */
		6188B6832CBD5BFA000580C1 /* Frameworks */ = {
			isa = PBXFrameworksBuildPhase;
			buildActionMask = 2147483647;
			files = (
				8777FDC743F41F4A6D136AD4 /* Pods_Cocoapods_ToastDeneme.framework in Frameworks */,
			);
			runOnlyForDeploymentPostprocessing = 0;
		};
/* End PBXFrameworksBuildPhase section */

/* Begin PBXGroup section */
		3047742A9DB9645A2CA2B4EB /* Pods */ = {
			isa = PBXGroup;
			children = (
				520C15D204304D9B5EB5017B /* Pods-Cocoapods-ToastDeneme.debug.xcconfig */,
				F11AD180B97AB3D44D777FBA /* Pods-Cocoapods-ToastDeneme.release.xcconfig */,
			);
			path = Pods;
			sourceTree = "<group>";
		};
		3A05676A90D362ECC38FA940 /* Frameworks */ = {
			isa = PBXGroup;
			children = (
				C471FEA2A03C191D8CA65591 /* Pods_Cocoapods_ToastDeneme.framework */,
			);
			name = Frameworks;
			sourceTree = "<group>";
		};
		6188B67D2CBD5BFA000580C1 = {
			isa = PBXGroup;
			children = (
				6188B6A72CBD5C24000580C1 /* Cocoapods-ToastDeneme */,
				6188B6872CBD5BFA000580C1 /* Products */,
				3047742A9DB9645A2CA2B4EB /* Pods */,
				3A05676A90D362ECC38FA940 /* Frameworks */,
			);
			sourceTree = "<group>";
		};
		6188B6872CBD5BFA000580C1 /* Products */ = {
			isa = PBXGroup;
			children = (
				6188B6862CBD5BFA000580C1 /* Cocoapods-ToastDeneme.app */,
			);
			name = Products;
			sourceTree = "<group>";
		};
		6188B6A72CBD5C24000580C1 /* Cocoapods-ToastDeneme */ = {
			isa = PBXGroup;
			children = (
				6188B69E2CBD5C24000580C1 /* AppDelegate.swift */,
				6188B69F2CBD5C24000580C1 /* Assets.xcassets */,
				6188B6A02CBD5C24000580C1 /* Info.plist */,
				6188B6A22CBD5C24000580C1 /* LaunchScreen.storyboard */,
				6188B6A42CBD5C24000580C1 /* Main.storyboard */,
				6188B6A52CBD5C24000580C1 /* SceneDelegate.swift */,
				6188B6A62CBD5C24000580C1 /* ViewController.swift */,
			);
			path = "Cocoapods-ToastDeneme";
			sourceTree = "<group>";
		};
/* End PBXGroup section */

/* Begin PBXNativeTarget section */
		6188B6852CBD5BFA000580C1 /* Cocoapods-ToastDeneme */ = {
			isa = PBXNativeTarget;
			buildConfigurationList = 6188B6992CBD5BFB000580C1 /* Build configuration list for PBXNativeTarget "Cocoapods-ToastDeneme" */;
			buildPhases = (
				B45145B072A1CC03B3DEF259 /* [CP] Check Pods Manifest.lock */,
				6188B6822CBD5BFA000580C1 /* Sources */,
				6188B6832CBD5BFA000580C1 /* Frameworks */,
				6188B6842CBD5BFA000580C1 /* Resources */,
				20A4D8A37BE1AD6FAF9878B8 /* [CP] Embed Pods Frameworks */,
			);
			buildRules = (
			);
			dependencies = (
			);
			name = "Cocoapods-ToastDeneme";
			productName = "Cocoapods-ToastDeneme";
			productReference = 6188B6862CBD5BFA000580C1 /* Cocoapods-ToastDeneme.app */;
			productType = "com.apple.product-type.application";
		};
/* End PBXNativeTarget section */

/* Begin PBXProject section */
		6188B67E2CBD5BFA000580C1 /* Project object */ = {
			isa = PBXProject;
			attributes = {
				BuildIndependentTargetsInParallel = 1;
				LastSwiftUpdateCheck = 1600;
				LastUpgradeCheck = 1600;
				TargetAttributes = {
					6188B6852CBD5BFA000580C1 = {
						CreatedOnToolsVersion = 16.0;
					};
				};
			};
			buildConfigurationList = 6188B6812CBD5BFA000580C1 /* Build configuration list for PBXProject "Cocoapods-ToastDeneme" */;
			compatibilityVersion = "Xcode 14.0";
			developmentRegion = en;
			hasScannedForEncodings = 0;
			knownRegions = (
				en,
				Base,
			);
			mainGroup = 6188B67D2CBD5BFA000580C1;
			packageReferences = (
				6188B6AF2CBD6559000580C1 /* XCRemoteSwiftPackageReference "Toast" */,
			);
			productRefGroup = 6188B6872CBD5BFA000580C1 /* Products */;
			projectDirPath = "";
			projectRoot = "";
			targets = (
				6188B6852CBD5BFA000580C1 /* Cocoapods-ToastDeneme */,
			);
		};
/* End PBXProject section */

/* Begin PBXResourcesBuildPhase section */
		6188B6842CBD5BFA000580C1 /* Resources */ = {
			isa = PBXResourcesBuildPhase;
			buildActionMask = 2147483647;
			files = (
				6188B6AB2CBD5C24000580C1 /* Assets.xcassets in Resources */,
				6188B6AD2CBD5C24000580C1 /* LaunchScreen.storyboard in Resources */,
				6188B6AE2CBD5C24000580C1 /* Main.storyboard in Resources */,
			);
			runOnlyForDeploymentPostprocessing = 0;
		};
/* End PBXResourcesBuildPhase section */

/* Begin PBXShellScriptBuildPhase section */
		20A4D8A37BE1AD6FAF9878B8 /* [CP] Embed Pods Frameworks */ = {
			isa = PBXShellScriptBuildPhase;
			buildActionMask = 2147483647;
			files = (
			);
			inputFileListPaths = (
				"${PODS_ROOT}/Target Support Files/Pods-Cocoapods-ToastDeneme/Pods-Cocoapods-ToastDeneme-frameworks-${CONFIGURATION}-input-files.xcfilelist",
			);
			name = "[CP] Embed Pods Frameworks";
			outputFileListPaths = (
				"${PODS_ROOT}/Target Support Files/Pods-Cocoapods-ToastDeneme/Pods-Cocoapods-ToastDeneme-frameworks-${CONFIGURATION}-output-files.xcfilelist",
			);
			runOnlyForDeploymentPostprocessing = 0;
			shellPath = /bin/sh;
			shellScript = "\"${PODS_ROOT}/Target Support Files/Pods-Cocoapods-ToastDeneme/Pods-Cocoapods-ToastDeneme-frameworks.sh\"\n";
			showEnvVarsInLog = 0;
		};
		B45145B072A1CC03B3DEF259 /* [CP] Check Pods Manifest.lock */ = {
			isa = PBXShellScriptBuildPhase;
			buildActionMask = 2147483647;
			files = (
			);
			inputFileListPaths = (
			);
			inputPaths = (
				"${PODS_PODFILE_DIR_PATH}/Podfile.lock",
				"${PODS_ROOT}/Manifest.lock",
			);
			name = "[CP] Check Pods Manifest.lock";
			outputFileListPaths = (
			);
			outputPaths = (
				"$(DERIVED_FILE_DIR)/Pods-Cocoapods-ToastDeneme-checkManifestLockResult.txt",
			);
			runOnlyForDeploymentPostprocessing = 0;
			shellPath = /bin/sh;
			shellScript = "diff \"${PODS_PODFILE_DIR_PATH}/Podfile.lock\" \"${PODS_ROOT}/Manifest.lock\" > /dev/null\nif [ $? != 0 ] ; then\n    # print error to STDERR\n    echo \"error: The sandbox is not in sync with the Podfile.lock. Run 'pod install' or update your CocoaPods installation.\" >&2\n    exit 1\nfi\n# This output is used by Xcode 'outputs' to avoid re-running this script phase.\necho \"SUCCESS\" > \"${SCRIPT_OUTPUT_FILE_0}\"\n";
			showEnvVarsInLog = 0;
		};
/* End PBXShellScriptBuildPhase section */

/* Begin PBXSourcesBuildPhase section */
		6188B6822CBD5BFA000580C1 /* Sources */ = {
			isa = PBXSourcesBuildPhase;
			buildActionMask = 2147483647;
			files = (
				6188B6A82CBD5C24000580C1 /* AppDelegate.swift in Sources */,
				6188B6A92CBD5C24000580C1 /* SceneDelegate.swift in Sources */,
				6188B6AA2CBD5C24000580C1 /* ViewController.swift in Sources */,
			);
			runOnlyForDeploymentPostprocessing = 0;
		};
/* End PBXSourcesBuildPhase section */

/* Begin PBXVariantGroup section */
		6188B6A22CBD5C24000580C1 /* LaunchScreen.storyboard */ = {
			isa = PBXVariantGroup;
			children = (
				6188B6A12CBD5C24000580C1 /* Base */,
			);
			name = LaunchScreen.storyboard;
			sourceTree = "<group>";
		};
		6188B6A42CBD5C24000580C1 /* Main.storyboard */ = {
			isa = PBXVariantGroup;
			children = (
				6188B6A32CBD5C24000580C1 /* Base */,
			);
			name = Main.storyboard;
			sourceTree = "<group>";
		};
/* End PBXVariantGroup section */

/* Begin XCBuildConfiguration section */
		6188B69A2CBD5BFB000580C1 /* Debug */ = {
			isa = XCBuildConfiguration;
			baseConfigurationReference = 520C15D204304D9B5EB5017B /* Pods-Cocoapods-ToastDeneme.debug.xcconfig */;
			buildSettings = {
				ASSETCATALOG_COMPILER_APPICON_NAME = AppIcon;
				ASSETCATALOG_COMPILER_GLOBAL_ACCENT_COLOR_NAME = AccentColor;
				CODE_SIGN_STYLE = Automatic;
				CURRENT_PROJECT_VERSION = 1;
				GENERATE_INFOPLIST_FILE = YES;
				INFOPLIST_FILE = "Cocoapods-ToastDeneme/Info.plist";
				INFOPLIST_KEY_UIApplicationSupportsIndirectInputEvents = YES;
				INFOPLIST_KEY_UILaunchStoryboardName = LaunchScreen;
				INFOPLIST_KEY_UIMainStoryboardFile = Main;
				INFOPLIST_KEY_UISupportedInterfaceOrientations_iPad = "UIInterfaceOrientationPortrait UIInterfaceOrientationPortraitUpsideDown UIInterfaceOrientationLandscapeLeft UIInterfaceOrientationLandscapeRight";
				INFOPLIST_KEY_UISupportedInterfaceOrientations_iPhone = "UIInterfaceOrientationPortrait UIInterfaceOrientationLandscapeLeft UIInterfaceOrientationLandscapeRight";
				IPHONEOS_DEPLOYMENT_TARGET = 15.0;
				LD_RUNPATH_SEARCH_PATHS = (
					"$(inherited)",
					"@executable_path/Frameworks",
				);
				MARKETING_VERSION = 1.0;
				PRODUCT_BUNDLE_IDENTIFIER = "com.hasankilic.Cocoapods-ToastDeneme";
				PRODUCT_NAME = "$(TARGET_NAME)";
				SWIFT_EMIT_LOC_STRINGS = YES;
				SWIFT_VERSION = 5.0;
				TARGETED_DEVICE_FAMILY = "1,2";
			};
			name = Debug;
		};
		6188B69B2CBD5BFB000580C1 /* Release */ = {
			isa = XCBuildConfiguration;
			baseConfigurationReference = F11AD180B97AB3D44D777FBA /* Pods-Cocoapods-ToastDeneme.release.xcconfig */;
			buildSettings = {
				ASSETCATALOG_COMPILER_APPICON_NAME = AppIcon;
				ASSETCATALOG_COMPILER_GLOBAL_ACCENT_COLOR_NAME = AccentColor;
				CODE_SIGN_STYLE = Automatic;
				CURRENT_PROJECT_VERSION = 1;
				GENERATE_INFOPLIST_FILE = YES;
				INFOPLIST_FILE = "Cocoapods-ToastDeneme/Info.plist";
				INFOPLIST_KEY_UIApplicationSupportsIndirectInputEvents = YES;
				INFOPLIST_KEY_UILaunchStoryboardName = LaunchScreen;
				INFOPLIST_KEY_UIMainStoryboardFile = Main;
				INFOPLIST_KEY_UISupportedInterfaceOrientations_iPad = "UIInterfaceOrientationPortrait UIInterfaceOrientationPortraitUpsideDown UIInterfaceOrientationLandscapeLeft UIInterfaceOrientationLandscapeRight";
				INFOPLIST_KEY_UISupportedInterfaceOrientations_iPhone = "UIInterfaceOrientationPortrait UIInterfaceOrientationLandscapeLeft UIInterfaceOrientationLandscapeRight";
				IPHONEOS_DEPLOYMENT_TARGET = 15.0;
				LD_RUNPATH_SEARCH_PATHS = (
					"$(inherited)",
					"@executable_path/Frameworks",
				);
				MARKETING_VERSION = 1.0;
				PRODUCT_BUNDLE_IDENTIFIER = "com.hasankilic.Cocoapods-ToastDeneme";
				PRODUCT_NAME = "$(TARGET_NAME)";
				SWIFT_EMIT_LOC_STRINGS = YES;
				SWIFT_VERSION = 5.0;
				TARGETED_DEVICE_FAMILY = "1,2";
			};
			name = Release;
		};
		6188B69C2CBD5BFB000580C1 /* Debug */ = {
			isa = XCBuildConfiguration;
			buildSettings = {
				ALWAYS_SEARCH_USER_PATHS = NO;
				ASSETCATALOG_COMPILER_GENERATE_SWIFT_ASSET_SYMBOL_EXTENSIONS = YES;
				CLANG_ANALYZER_NONNULL = YES;
				CLANG_ANALYZER_NUMBER_OBJECT_CONVERSION = YES_AGGRESSIVE;
				CLANG_CXX_LANGUAGE_STANDARD = "gnu++20";
				CLANG_ENABLE_MODULES = YES;
				CLANG_ENABLE_OBJC_ARC = YES;
				CLANG_ENABLE_OBJC_WEAK = YES;
				CLANG_WARN_BLOCK_CAPTURE_AUTORELEASING = YES;
				CLANG_WARN_BOOL_CONVERSION = YES;
				CLANG_WARN_COMMA = YES;
				CLANG_WARN_CONSTANT_CONVERSION = YES;
				CLANG_WARN_DEPRECATED_OBJC_IMPLEMENTATIONS = YES;
				CLANG_WARN_DIRECT_OBJC_ISA_USAGE = YES_ERROR;
				CLANG_WARN_DOCUMENTATION_COMMENTS = YES;
				CLANG_WARN_EMPTY_BODY = YES;
				CLANG_WARN_ENUM_CONVERSION = YES;
				CLANG_WARN_INFINITE_RECURSION = YES;
				CLANG_WARN_INT_CONVERSION = YES;
				CLANG_WARN_NON_LITERAL_NULL_CONVERSION = YES;
				CLANG_WARN_OBJC_IMPLICIT_RETAIN_SELF = YES;
				CLANG_WARN_OBJC_LITERAL_CONVERSION = YES;
				CLANG_WARN_OBJC_ROOT_CLASS = YES_ERROR;
				CLANG_WARN_QUOTED_INCLUDE_IN_FRAMEWORK_HEADER = YES;
				CLANG_WARN_RANGE_LOOP_ANALYSIS = YES;
				CLANG_WARN_STRICT_PROTOTYPES = YES;
				CLANG_WARN_SUSPICIOUS_MOVE = YES;
				CLANG_WARN_UNGUARDED_AVAILABILITY = YES_AGGRESSIVE;
				CLANG_WARN_UNREACHABLE_CODE = YES;
				CLANG_WARN__DUPLICATE_METHOD_MATCH = YES;
				COPY_PHASE_STRIP = NO;
				DEBUG_INFORMATION_FORMAT = dwarf;
				ENABLE_STRICT_OBJC_MSGSEND = YES;
				ENABLE_TESTABILITY = YES;
				ENABLE_USER_SCRIPT_SANDBOXING = YES;
				GCC_C_LANGUAGE_STANDARD = gnu17;
				GCC_DYNAMIC_NO_PIC = NO;
				GCC_NO_COMMON_BLOCKS = YES;
				GCC_OPTIMIZATION_LEVEL = 0;
				GCC_PREPROCESSOR_DEFINITIONS = (
					"DEBUG=1",
					"$(inherited)",
				);
				GCC_WARN_64_TO_32_BIT_CONVERSION = YES;
				GCC_WARN_ABOUT_RETURN_TYPE = YES_ERROR;
				GCC_WARN_UNDECLARED_SELECTOR = YES;
				GCC_WARN_UNINITIALIZED_AUTOS = YES_AGGRESSIVE;
				GCC_WARN_UNUSED_FUNCTION = YES;
				GCC_WARN_UNUSED_VARIABLE = YES;
				IPHONEOS_DEPLOYMENT_TARGET = 18.0;
				LOCALIZATION_PREFERS_STRING_CATALOGS = YES;
				MTL_ENABLE_DEBUG_INFO = INCLUDE_SOURCE;
				MTL_FAST_MATH = YES;
				ONLY_ACTIVE_ARCH = YES;
				SDKROOT = iphoneos;
				SWIFT_ACTIVE_COMPILATION_CONDITIONS = "DEBUG $(inherited)";
				SWIFT_OPTIMIZATION_LEVEL = "-Onone";
			};
			name = Debug;
		};
		6188B69D2CBD5BFB000580C1 /* Release */ = {
			isa = XCBuildConfiguration;
			buildSettings = {
				ALWAYS_SEARCH_USER_PATHS = NO;
				ASSETCATALOG_COMPILER_GENERATE_SWIFT_ASSET_SYMBOL_EXTENSIONS = YES;
				CLANG_ANALYZER_NONNULL = YES;
				CLANG_ANALYZER_NUMBER_OBJECT_CONVERSION = YES_AGGRESSIVE;
				CLANG_CXX_LANGUAGE_STANDARD = "gnu++20";
				CLANG_ENABLE_MODULES = YES;
				CLANG_ENABLE_OBJC_ARC = YES;
				CLANG_ENABLE_OBJC_WEAK = YES;
				CLANG_WARN_BLOCK_CAPTURE_AUTORELEASING = YES;
				CLANG_WARN_BOOL_CONVERSION = YES;
				CLANG_WARN_COMMA = YES;
				CLANG_WARN_CONSTANT_CONVERSION = YES;
				CLANG_WARN_DEPRECATED_OBJC_IMPLEMENTATIONS = YES;
				CLANG_WARN_DIRECT_OBJC_ISA_USAGE = YES_ERROR;
				CLANG_WARN_DOCUMENTATION_COMMENTS = YES;
				CLANG_WARN_EMPTY_BODY = YES;
				CLANG_WARN_ENUM_CONVERSION = YES;
				CLANG_WARN_INFINITE_RECURSION = YES;
				CLANG_WARN_INT_CONVERSION = YES;
				CLANG_WARN_NON_LITERAL_NULL_CONVERSION = YES;
				CLANG_WARN_OBJC_IMPLICIT_RETAIN_SELF = YES;
				CLANG_WARN_OBJC_LITERAL_CONVERSION = YES;
				CLANG_WARN_OBJC_ROOT_CLASS = YES_ERROR;
				CLANG_WARN_QUOTED_INCLUDE_IN_FRAMEWORK_HEADER = YES;
				CLANG_WARN_RANGE_LOOP_ANALYSIS = YES;
				CLANG_WARN_STRICT_PROTOTYPES = YES;
				CLANG_WARN_SUSPICIOUS_MOVE = YES;
				CLANG_WARN_UNGUARDED_AVAILABILITY = YES_AGGRESSIVE;
				CLANG_WARN_UNREACHABLE_CODE = YES;
				CLANG_WARN__DUPLICATE_METHOD_MATCH = YES;
				COPY_PHASE_STRIP = NO;
				DEBUG_INFORMATION_FORMAT = "dwarf-with-dsym";
				ENABLE_NS_ASSERTIONS = NO;
				ENABLE_STRICT_OBJC_MSGSEND = YES;
				ENABLE_USER_SCRIPT_SANDBOXING = YES;
				GCC_C_LANGUAGE_STANDARD = gnu17;
				GCC_NO_COMMON_BLOCKS = YES;
				GCC_WARN_64_TO_32_BIT_CONVERSION = YES;
				GCC_WARN_ABOUT_RETURN_TYPE = YES_ERROR;
				GCC_WARN_UNDECLARED_SELECTOR = YES;
				GCC_WARN_UNINITIALIZED_AUTOS = YES_AGGRESSIVE;
				GCC_WARN_UNUSED_FUNCTION = YES;
				GCC_WARN_UNUSED_VARIABLE = YES;
				IPHONEOS_DEPLOYMENT_TARGET = 18.0;
				LOCALIZATION_PREFERS_STRING_CATALOGS = YES;
				MTL_ENABLE_DEBUG_INFO = NO;
				MTL_FAST_MATH = YES;
				SDKROOT = iphoneos;
				SWIFT_COMPILATION_MODE = wholemodule;
				VALIDATE_PRODUCT = YES;
			};
			name = Release;
		};
/* End XCBuildConfiguration section */

/* Begin XCConfigurationList section */
		6188B6812CBD5BFA000580C1 /* Build configuration list for PBXProject "Cocoapods-ToastDeneme" */ = {
			isa = XCConfigurationList;
			buildConfigurations = (
				6188B69C2CBD5BFB000580C1 /* Debug */,
				6188B69D2CBD5BFB000580C1 /* Release */,
			);
			defaultConfigurationIsVisible = 0;
			defaultConfigurationName = Release;
		};
		6188B6992CBD5BFB000580C1 /* Build configuration list for PBXNativeTarget "Cocoapods-ToastDeneme" */ = {
			isa = XCConfigurationList;
			buildConfigurations = (
				6188B69A2CBD5BFB000580C1 /* Debug */,
				6188B69B2CBD5BFB000580C1 /* Release */,
			);
			defaultConfigurationIsVisible = 0;
			defaultConfigurationName = Release;
		};
/* End XCConfigurationList section */

/* Begin XCRemoteSwiftPackageReference section */
		6188B6AF2CBD6559000580C1 /* XCRemoteSwiftPackageReference "Toast" */ = {
			isa = XCRemoteSwiftPackageReference;
			repositoryURL = "https://github.com/scalessec/Toast.git";
			requirement = {
				kind = upToNextMajorVersion;
				minimumVersion = 4.1.1;
			};
		};
/* End XCRemoteSwiftPackageReference section */
	};
	rootObject = 6188B67E2CBD5BFA000580C1 /* Project object */;
}
