// !$*UTF8*$!
{
	archiveVersion = 1;
	classes = {
	};
	objectVersion = 56;
	objects = {

/* Begin PBXBuildFile section */
		61A6F3BF2CCA223700BE127A /* Assets.xcassets in Resources */ = {isa = PBXBuildFile; fileRef = 61A6F3B62CCA223700BE127A /* Assets.xcassets */; };
		61A6F3C12CCA223700BE127A /* LaunchScreen.storyboard in Resources */ = {isa = PBXBuildFile; fileRef = 61A6F3B92CCA223700BE127A /* LaunchScreen.storyboard */; };
		61A6F3C22CCA223700BE127A /* Main.storyboard in Resources */ = {isa = PBXBuildFile; fileRef = 61A6F3BB2CCA223700BE127A /* Main.storyboard */; };
		61A6F3C32CCA223700BE127A /* AppDelegate.swift in Sources */ = {isa = PBXBuildFile; fileRef = 61A6F3B52CCA223700BE127A /* AppDelegate.swift */; };
		61A6F3C42CCA223700BE127A /* SceneDelegate.swift in Sources */ = {isa = PBXBuildFile; fileRef = 61A6F3BC2CCA223700BE127A /* SceneDelegate.swift */; };
		61A6F3C52CCA223700BE127A /* ViewController.swift in Sources */ = {isa = PBXBuildFile; fileRef = 61A6F3BD2CCA223700BE127A /* ViewController.swift */; };
		61A6F3C72CCA242E00BE127A /* GoogleService-Info.plist in Resources */ = {isa = PBXBuildFile; fileRef = 61A6F3C62CCA242E00BE127A /* GoogleService-Info.plist */; };
		F3E0B04D8FD171D8A443CBBB /* Pods_CrashlyticsCocoaPods.framework in Frameworks */ = {isa = PBXBuildFile; fileRef = FC343B8E9648D8BC48345EBD /* Pods_CrashlyticsCocoaPods.framework */; };
/* End PBXBuildFile section */

/* Begin PBXFileReference section */
		61A6F39D2CCA222E00BE127A /* CrashlyticsCocoaPods.app */ = {isa = PBXFileReference; explicitFileType = wrapper.application; includeInIndex = 0; path = CrashlyticsCocoaPods.app; sourceTree = BUILT_PRODUCTS_DIR; };
		61A6F3B52CCA223700BE127A /* AppDelegate.swift */ = {isa = PBXFileReference; lastKnownFileType = sourcecode.swift; path = AppDelegate.swift; sourceTree = "<group>"; };
		61A6F3B62CCA223700BE127A /* Assets.xcassets */ = {isa = PBXFileReference; lastKnownFileType = folder.assetcatalog; path = Assets.xcassets; sourceTree = "<group>"; };
		61A6F3B72CCA223700BE127A /* Info.plist */ = {isa = PBXFileReference; lastKnownFileType = text.plist.xml; path = Info.plist; sourceTree = "<group>"; };
		61A6F3B82CCA223700BE127A /* Base */ = {isa = PBXFileReference; lastKnownFileType = file.storyboard; name = Base; path = Base.lproj/LaunchScreen.storyboard; sourceTree = "<group>"; };
		61A6F3BA2CCA223700BE127A /* Base */ = {isa = PBXFileReference; lastKnownFileType = file.storyboard; name = Base; path = Base.lproj/Main.storyboard; sourceTree = "<group>"; };
		61A6F3BC2CCA223700BE127A /* SceneDelegate.swift */ = {isa = PBXFileReference; lastKnownFileType = sourcecode.swift; path = SceneDelegate.swift; sourceTree = "<group>"; };
		61A6F3BD2CCA223700BE127A /* ViewController.swift */ = {isa = PBXFileReference; lastKnownFileType = sourcecode.swift; path = ViewController.swift; sourceTree = "<group>"; };
		61A6F3C62CCA242E00BE127A /* GoogleService-Info.plist */ = {isa = PBXFileReference; lastKnownFileType = text.plist.xml; path = "GoogleService-Info.plist"; sourceTree = "<group>"; };
		8453FD580E7D718136108089 /* Pods-CrashlyticsCocoaPods.debug.xcconfig */ = {isa = PBXFileReference; includeInIndex = 1; lastKnownFileType = text.xcconfig; name = "Pods-CrashlyticsCocoaPods.debug.xcconfig"; path = "Target Support Files/Pods-CrashlyticsCocoaPods/Pods-CrashlyticsCocoaPods.debug.xcconfig"; sourceTree = "<group>"; };
		C1209F43A026A67CE1DF12A5 /* Pods-CrashlyticsCocoaPods.release.xcconfig */ = {isa = PBXFileReference; includeInIndex = 1; lastKnownFileType = text.xcconfig; name = "Pods-CrashlyticsCocoaPods.release.xcconfig"; path = "Target Support Files/Pods-CrashlyticsCocoaPods/Pods-CrashlyticsCocoaPods.release.xcconfig"; sourceTree = "<group>"; };
		FC343B8E9648D8BC48345EBD /* Pods_CrashlyticsCocoaPods.framework */ = {isa = PBXFileReference; explicitFileType = wrapper.framework; includeInIndex = 0; path = Pods_CrashlyticsCocoaPods.framework; sourceTree = BUILT_PRODUCTS_DIR; };
/* End PBXFileReference section */

/* Begin PBXFrameworksBuildPhase section */
		61A6F39A2CCA222E00BE127A /* Frameworks */ = {
			isa = PBXFrameworksBuildPhase;
			buildActionMask = 2147483647;
			files = (
				F3E0B04D8FD171D8A443CBBB /* Pods_CrashlyticsCocoaPods.framework in Frameworks */,
			);
			runOnlyForDeploymentPostprocessing = 0;
		};
/* End PBXFrameworksBuildPhase section */

/* Begin PBXGroup section */
		4BDE8BC3253F1F3191799D28 /* Frameworks */ = {
			isa = PBXGroup;
			children = (
				FC343B8E9648D8BC48345EBD /* Pods_CrashlyticsCocoaPods.framework */,
			);
			name = Frameworks;
			sourceTree = "<group>";
		};
		61A6F3942CCA222E00BE127A = {
			isa = PBXGroup;
			children = (
				61A6F3BE2CCA223700BE127A /* CrashlyticsCocoaPods */,
				61A6F39E2CCA222E00BE127A /* Products */,
				FE9C0A39D8C15C4E62FDE006 /* Pods */,
				4BDE8BC3253F1F3191799D28 /* Frameworks */,
			);
			sourceTree = "<group>";
		};
		61A6F39E2CCA222E00BE127A /* Products */ = {
			isa = PBXGroup;
			children = (
				61A6F39D2CCA222E00BE127A /* CrashlyticsCocoaPods.app */,
			);
			name = Products;
			sourceTree = "<group>";
		};
		61A6F3BE2CCA223700BE127A /* CrashlyticsCocoaPods */ = {
			isa = PBXGroup;
			children = (
				61A6F3B52CCA223700BE127A /* AppDelegate.swift */,
				61A6F3B62CCA223700BE127A /* Assets.xcassets */,
				61A6F3B72CCA223700BE127A /* Info.plist */,
				61A6F3B92CCA223700BE127A /* LaunchScreen.storyboard */,
				61A6F3BB2CCA223700BE127A /* Main.storyboard */,
				61A6F3BC2CCA223700BE127A /* SceneDelegate.swift */,
				61A6F3BD2CCA223700BE127A /* ViewController.swift */,
				61A6F3C62CCA242E00BE127A /* GoogleService-Info.plist */,
			);
			path = CrashlyticsCocoaPods;
			sourceTree = "<group>";
		};
		FE9C0A39D8C15C4E62FDE006 /* Pods */ = {
			isa = PBXGroup;
			children = (
				8453FD580E7D718136108089 /* Pods-CrashlyticsCocoaPods.debug.xcconfig */,
				C1209F43A026A67CE1DF12A5 /* Pods-CrashlyticsCocoaPods.release.xcconfig */,
			);
			path = Pods;
			sourceTree = "<group>";
		};
/* End PBXGroup section */

/* Begin PBXNativeTarget section */
		61A6F39C2CCA222E00BE127A /* CrashlyticsCocoaPods */ = {
			isa = PBXNativeTarget;
			buildConfigurationList = 61A6F3B02CCA223000BE127A /* Build configuration list for PBXNativeTarget "CrashlyticsCocoaPods" */;
			buildPhases = (
				3FB4F9F0E053873DF9E1F02C /* [CP] Check Pods Manifest.lock */,
				61A6F3992CCA222E00BE127A /* Sources */,
				61A6F39A2CCA222E00BE127A /* Frameworks */,
				61A6F39B2CCA222E00BE127A /* Resources */,
				58EFCA129AD23174D22430C5 /* [CP] Embed Pods Frameworks */,
				61A6F3C82CCA256D00BE127A /* ShellScript */,
			);
			buildRules = (
			);
			dependencies = (
			);
			name = CrashlyticsCocoaPods;
			productName = CrashlyticsCocoaPods;
			productReference = 61A6F39D2CCA222E00BE127A /* CrashlyticsCocoaPods.app */;
			productType = "com.apple.product-type.application";
		};
/* End PBXNativeTarget section */

/* Begin PBXProject section */
		61A6F3952CCA222E00BE127A /* Project object */ = {
			isa = PBXProject;
			attributes = {
				BuildIndependentTargetsInParallel = 1;
				LastSwiftUpdateCheck = 1600;
				LastUpgradeCheck = 1600;
				TargetAttributes = {
					61A6F39C2CCA222E00BE127A = {
						CreatedOnToolsVersion = 16.0;
					};
				};
			};
			buildConfigurationList = 61A6F3982CCA222E00BE127A /* Build configuration list for PBXProject "CrashlyticsCocoaPods" */;
			compatibilityVersion = "Xcode 14.0";
			developmentRegion = en;
			hasScannedForEncodings = 0;
			knownRegions = (
				en,
				Base,
			);
			mainGroup = 61A6F3942CCA222E00BE127A;
			productRefGroup = 61A6F39E2CCA222E00BE127A /* Products */;
			projectDirPath = "";
			projectRoot = "";
			targets = (
				61A6F39C2CCA222E00BE127A /* CrashlyticsCocoaPods */,
			);
		};
/* End PBXProject section */

/* Begin PBXResourcesBuildPhase section */
		61A6F39B2CCA222E00BE127A /* Resources */ = {
			isa = PBXResourcesBuildPhase;
			buildActionMask = 2147483647;
			files = (
				61A6F3BF2CCA223700BE127A /* Assets.xcassets in Resources */,
				61A6F3C12CCA223700BE127A /* LaunchScreen.storyboard in Resources */,
				61A6F3C72CCA242E00BE127A /* GoogleService-Info.plist in Resources */,
				61A6F3C22CCA223700BE127A /* Main.storyboard in Resources */,
			);
			runOnlyForDeploymentPostprocessing = 0;
		};
/* End PBXResourcesBuildPhase section */

/* Begin PBXShellScriptBuildPhase section */
		3FB4F9F0E053873DF9E1F02C /* [CP] Check Pods Manifest.lock */ = {
			isa = PBXShellScriptBuildPhase;
			buildActionMask = 2147483647;
			files = (
			);
			inputFileListPaths = (
			);
			inputPaths = (
				"${PODS_PODFILE_DIR_PATH}/Podfile.lock",
				"${PODS_ROOT}/Manifest.lock",
			);
			name = "[CP] Check Pods Manifest.lock";
			outputFileListPaths = (
			);
			outputPaths = (
				"$(DERIVED_FILE_DIR)/Pods-CrashlyticsCocoaPods-checkManifestLockResult.txt",
			);
			runOnlyForDeploymentPostprocessing = 0;
			shellPath = /bin/sh;
			shellScript = "diff \"${PODS_PODFILE_DIR_PATH}/Podfile.lock\" \"${PODS_ROOT}/Manifest.lock\" > /dev/null\nif [ $? != 0 ] ; then\n    # print error to STDERR\n    echo \"error: The sandbox is not in sync with the Podfile.lock. Run 'pod install' or update your CocoaPods installation.\" >&2\n    exit 1\nfi\n# This output is used by Xcode 'outputs' to avoid re-running this script phase.\necho \"SUCCESS\" > \"${SCRIPT_OUTPUT_FILE_0}\"\n";
			showEnvVarsInLog = 0;
		};
		58EFCA129AD23174D22430C5 /* [CP] Embed Pods Frameworks */ = {
			isa = PBXShellScriptBuildPhase;
			buildActionMask = 2147483647;
			files = (
			);
			inputFileListPaths = (
				"${PODS_ROOT}/Target Support Files/Pods-CrashlyticsCocoaPods/Pods-CrashlyticsCocoaPods-frameworks-${CONFIGURATION}-input-files.xcfilelist",
			);
			name = "[CP] Embed Pods Frameworks";
			outputFileListPaths = (
				"${PODS_ROOT}/Target Support Files/Pods-CrashlyticsCocoaPods/Pods-CrashlyticsCocoaPods-frameworks-${CONFIGURATION}-output-files.xcfilelist",
			);
			runOnlyForDeploymentPostprocessing = 0;
			shellPath = /bin/sh;
			shellScript = "\"${PODS_ROOT}/Target Support Files/Pods-CrashlyticsCocoaPods/Pods-CrashlyticsCocoaPods-frameworks.sh\"\n";
			showEnvVarsInLog = 0;
		};
		61A6F3C82CCA256D00BE127A /* ShellScript */ = {
			isa = PBXShellScriptBuildPhase;
			buildActionMask = 2147483647;
			files = (
			);
			inputFileListPaths = (
			);
			inputPaths = (
				"${DWARF_DSYM_FOLDER_PATH}/${DWARF_DSYM_FILE_NAME}/Contents/Resources/DWARF/${PRODUCT_NAME}",
				"$(SRCROOT)/${DWARF_DSYM_FOLDER_PATH}/${DWARF_DSYM_FILE_NAME}/Contents/Resources/DWARF/${TARGET_NAME}",
			);
			outputFileListPaths = (
			);
			outputPaths = (
			);
			runOnlyForDeploymentPostprocessing = 0;
			shellPath = /bin/sh;
			shellScript = "\"${PODS_ROOT}/FirebaseCrashlytics/run\"\n";
		};
/* End PBXShellScriptBuildPhase section */

/* Begin PBXSourcesBuildPhase section */
		61A6F3992CCA222E00BE127A /* Sources */ = {
			isa = PBXSourcesBuildPhase;
			buildActionMask = 2147483647;
			files = (
				61A6F3C32CCA223700BE127A /* AppDelegate.swift in Sources */,
				61A6F3C42CCA223700BE127A /* SceneDelegate.swift in Sources */,
				61A6F3C52CCA223700BE127A /* ViewController.swift in Sources */,
			);
			runOnlyForDeploymentPostprocessing = 0;
		};
/* End PBXSourcesBuildPhase section */

/* Begin PBXVariantGroup section */
		61A6F3B92CCA223700BE127A /* LaunchScreen.storyboard */ = {
			isa = PBXVariantGroup;
			children = (
				61A6F3B82CCA223700BE127A /* Base */,
			);
			name = LaunchScreen.storyboard;
			sourceTree = "<group>";
		};
		61A6F3BB2CCA223700BE127A /* Main.storyboard */ = {
			isa = PBXVariantGroup;
			children = (
				61A6F3BA2CCA223700BE127A /* Base */,
			);
			name = Main.storyboard;
			sourceTree = "<group>";
		};
/* End PBXVariantGroup section */

/* Begin XCBuildConfiguration section */
		61A6F3B12CCA223000BE127A /* Debug */ = {
			isa = XCBuildConfiguration;
			baseConfigurationReference = 8453FD580E7D718136108089 /* Pods-CrashlyticsCocoaPods.debug.xcconfig */;
			buildSettings = {
				ASSETCATALOG_COMPILER_APPICON_NAME = AppIcon;
				ASSETCATALOG_COMPILER_GLOBAL_ACCENT_COLOR_NAME = AccentColor;
				CODE_SIGN_STYLE = Automatic;
				CURRENT_PROJECT_VERSION = 1;
				DEBUG_INFORMATION_FORMAT = "dwarf-with-dsym";
				GENERATE_INFOPLIST_FILE = YES;
				INFOPLIST_FILE = CrashlyticsCocoaPods/Info.plist;
				INFOPLIST_KEY_UIApplicationSupportsIndirectInputEvents = YES;
				INFOPLIST_KEY_UILaunchStoryboardName = LaunchScreen;
				INFOPLIST_KEY_UIMainStoryboardFile = Main;
				INFOPLIST_KEY_UISupportedInterfaceOrientations_iPad = "UIInterfaceOrientationPortrait UIInterfaceOrientationPortraitUpsideDown UIInterfaceOrientationLandscapeLeft UIInterfaceOrientationLandscapeRight";
				INFOPLIST_KEY_UISupportedInterfaceOrientations_iPhone = "UIInterfaceOrientationPortrait UIInterfaceOrientationLandscapeLeft UIInterfaceOrientationLandscapeRight";
				LD_RUNPATH_SEARCH_PATHS = (
					"$(inherited)",
					"@executable_path/Frameworks",
				);
				MARKETING_VERSION = 1.0;
				PRODUCT_BUNDLE_IDENTIFIER = com.hasankilic.CrashlyticsCocoaPods;
				PRODUCT_NAME = "$(TARGET_NAME)";
				SWIFT_EMIT_LOC_STRINGS = YES;
				SWIFT_VERSION = 5.0;
				TARGETED_DEVICE_FAMILY = "1,2";
			};
			name = Debug;
		};
		61A6F3B22CCA223000BE127A /* Release */ = {
			isa = XCBuildConfiguration;
			baseConfigurationReference = C1209F43A026A67CE1DF12A5 /* Pods-CrashlyticsCocoaPods.release.xcconfig */;
			buildSettings = {
				ASSETCATALOG_COMPILER_APPICON_NAME = AppIcon;
				ASSETCATALOG_COMPILER_GLOBAL_ACCENT_COLOR_NAME = AccentColor;
				CODE_SIGN_STYLE = Automatic;
				CURRENT_PROJECT_VERSION = 1;
				GENERATE_INFOPLIST_FILE = YES;
				INFOPLIST_FILE = CrashlyticsCocoaPods/Info.plist;
				INFOPLIST_KEY_UIApplicationSupportsIndirectInputEvents = YES;
				INFOPLIST_KEY_UILaunchStoryboardName = LaunchScreen;
				INFOPLIST_KEY_UIMainStoryboardFile = Main;
				INFOPLIST_KEY_UISupportedInterfaceOrientations_iPad = "UIInterfaceOrientationPortrait UIInterfaceOrientationPortraitUpsideDown UIInterfaceOrientationLandscapeLeft UIInterfaceOrientationLandscapeRight";
				INFOPLIST_KEY_UISupportedInterfaceOrientations_iPhone = "UIInterfaceOrientationPortrait UIInterfaceOrientationLandscapeLeft UIInterfaceOrientationLandscapeRight";
				LD_RUNPATH_SEARCH_PATHS = (
					"$(inherited)",
					"@executable_path/Frameworks",
				);
				MARKETING_VERSION = 1.0;
				PRODUCT_BUNDLE_IDENTIFIER = com.hasankilic.CrashlyticsCocoaPods;
				PRODUCT_NAME = "$(TARGET_NAME)";
				SWIFT_EMIT_LOC_STRINGS = YES;
				SWIFT_VERSION = 5.0;
				TARGETED_DEVICE_FAMILY = "1,2";
			};
			name = Release;
		};
		61A6F3B32CCA223000BE127A /* Debug */ = {
			isa = XCBuildConfiguration;
			buildSettings = {
				ALWAYS_SEARCH_USER_PATHS = NO;
				ASSETCATALOG_COMPILER_GENERATE_SWIFT_ASSET_SYMBOL_EXTENSIONS = YES;
				CLANG_ANALYZER_NONNULL = YES;
				CLANG_ANALYZER_NUMBER_OBJECT_CONVERSION = YES_AGGRESSIVE;
				CLANG_CXX_LANGUAGE_STANDARD = "gnu++20";
				CLANG_ENABLE_MODULES = YES;
				CLANG_ENABLE_OBJC_ARC = YES;
				CLANG_ENABLE_OBJC_WEAK = YES;
				CLANG_WARN_BLOCK_CAPTURE_AUTORELEASING = YES;
				CLANG_WARN_BOOL_CONVERSION = YES;
				CLANG_WARN_COMMA = YES;
				CLANG_WARN_CONSTANT_CONVERSION = YES;
				CLANG_WARN_DEPRECATED_OBJC_IMPLEMENTATIONS = YES;
				CLANG_WARN_DIRECT_OBJC_ISA_USAGE = YES_ERROR;
				CLANG_WARN_DOCUMENTATION_COMMENTS = YES;
				CLANG_WARN_EMPTY_BODY = YES;
				CLANG_WARN_ENUM_CONVERSION = YES;
				CLANG_WARN_INFINITE_RECURSION = YES;
				CLANG_WARN_INT_CONVERSION = YES;
				CLANG_WARN_NON_LITERAL_NULL_CONVERSION = YES;
				CLANG_WARN_OBJC_IMPLICIT_RETAIN_SELF = YES;
				CLANG_WARN_OBJC_LITERAL_CONVERSION = YES;
				CLANG_WARN_OBJC_ROOT_CLASS = YES_ERROR;
				CLANG_WARN_QUOTED_INCLUDE_IN_FRAMEWORK_HEADER = YES;
				CLANG_WARN_RANGE_LOOP_ANALYSIS = YES;
				CLANG_WARN_STRICT_PROTOTYPES = YES;
				CLANG_WARN_SUSPICIOUS_MOVE = YES;
				CLANG_WARN_UNGUARDED_AVAILABILITY = YES_AGGRESSIVE;
				CLANG_WARN_UNREACHABLE_CODE = YES;
				CLANG_WARN__DUPLICATE_METHOD_MATCH = YES;
				COPY_PHASE_STRIP = NO;
				DEBUG_INFORMATION_FORMAT = dwarf;
				ENABLE_STRICT_OBJC_MSGSEND = YES;
				ENABLE_TESTABILITY = YES;
				ENABLE_USER_SCRIPT_SANDBOXING = NO;
				GCC_C_LANGUAGE_STANDARD = gnu17;
				GCC_DYNAMIC_NO_PIC = NO;
				GCC_NO_COMMON_BLOCKS = YES;
				GCC_OPTIMIZATION_LEVEL = 0;
				GCC_PREPROCESSOR_DEFINITIONS = (
					"DEBUG=1",
					"$(inherited)",
				);
				GCC_WARN_64_TO_32_BIT_CONVERSION = YES;
				GCC_WARN_ABOUT_RETURN_TYPE = YES_ERROR;
				GCC_WARN_UNDECLARED_SELECTOR = YES;
				GCC_WARN_UNINITIALIZED_AUTOS = YES_AGGRESSIVE;
				GCC_WARN_UNUSED_FUNCTION = YES;
				GCC_WARN_UNUSED_VARIABLE = YES;
				IPHONEOS_DEPLOYMENT_TARGET = 18.0;
				LOCALIZATION_PREFERS_STRING_CATALOGS = YES;
				MTL_ENABLE_DEBUG_INFO = INCLUDE_SOURCE;
				MTL_FAST_MATH = YES;
				ONLY_ACTIVE_ARCH = YES;
				SDKROOT = iphoneos;
				SWIFT_ACTIVE_COMPILATION_CONDITIONS = "DEBUG $(inherited)";
				SWIFT_OPTIMIZATION_LEVEL = "-Onone";
			};
			name = Debug;
		};
		61A6F3B42CCA223000BE127A /* Release */ = {
			isa = XCBuildConfiguration;
			buildSettings = {
				ALWAYS_SEARCH_USER_PATHS = NO;
				ASSETCATALOG_COMPILER_GENERATE_SWIFT_ASSET_SYMBOL_EXTENSIONS = YES;
				CLANG_ANALYZER_NONNULL = YES;
				CLANG_ANALYZER_NUMBER_OBJECT_CONVERSION = YES_AGGRESSIVE;
				CLANG_CXX_LANGUAGE_STANDARD = "gnu++20";
				CLANG_ENABLE_MODULES = YES;
				CLANG_ENABLE_OBJC_ARC = YES;
				CLANG_ENABLE_OBJC_WEAK = YES;
				CLANG_WARN_BLOCK_CAPTURE_AUTORELEASING = YES;
				CLANG_WARN_BOOL_CONVERSION = YES;
				CLANG_WARN_COMMA = YES;
				CLANG_WARN_CONSTANT_CONVERSION = YES;
				CLANG_WARN_DEPRECATED_OBJC_IMPLEMENTATIONS = YES;
				CLANG_WARN_DIRECT_OBJC_ISA_USAGE = YES_ERROR;
				CLANG_WARN_DOCUMENTATION_COMMENTS = YES;
				CLANG_WARN_EMPTY_BODY = YES;
				CLANG_WARN_ENUM_CONVERSION = YES;
				CLANG_WARN_INFINITE_RECURSION = YES;
				CLANG_WARN_INT_CONVERSION = YES;
				CLANG_WARN_NON_LITERAL_NULL_CONVERSION = YES;
				CLANG_WARN_OBJC_IMPLICIT_RETAIN_SELF = YES;
				CLANG_WARN_OBJC_LITERAL_CONVERSION = YES;
				CLANG_WARN_OBJC_ROOT_CLASS = YES_ERROR;
				CLANG_WARN_QUOTED_INCLUDE_IN_FRAMEWORK_HEADER = YES;
				CLANG_WARN_RANGE_LOOP_ANALYSIS = YES;
				CLANG_WARN_STRICT_PROTOTYPES = YES;
				CLANG_WARN_SUSPICIOUS_MOVE = YES;
				CLANG_WARN_UNGUARDED_AVAILABILITY = YES_AGGRESSIVE;
				CLANG_WARN_UNREACHABLE_CODE = YES;
				CLANG_WARN__DUPLICATE_METHOD_MATCH = YES;
				COPY_PHASE_STRIP = NO;
				DEBUG_INFORMATION_FORMAT = "dwarf-with-dsym";
				ENABLE_NS_ASSERTIONS = NO;
				ENABLE_STRICT_OBJC_MSGSEND = YES;
				ENABLE_USER_SCRIPT_SANDBOXING = NO;
				GCC_C_LANGUAGE_STANDARD = gnu17;
				GCC_NO_COMMON_BLOCKS = YES;
				GCC_WARN_64_TO_32_BIT_CONVERSION = YES;
				GCC_WARN_ABOUT_RETURN_TYPE = YES_ERROR;
				GCC_WARN_UNDECLARED_SELECTOR = YES;
				GCC_WARN_UNINITIALIZED_AUTOS = YES_AGGRESSIVE;
				GCC_WARN_UNUSED_FUNCTION = YES;
				GCC_WARN_UNUSED_VARIABLE = YES;
				IPHONEOS_DEPLOYMENT_TARGET = 18.0;
				LOCALIZATION_PREFERS_STRING_CATALOGS = YES;
				MTL_ENABLE_DEBUG_INFO = NO;
				MTL_FAST_MATH = YES;
				SDKROOT = iphoneos;
				SWIFT_COMPILATION_MODE = wholemodule;
				VALIDATE_PRODUCT = YES;
			};
			name = Release;
		};
/* End XCBuildConfiguration section */

/* Begin XCConfigurationList section */
		61A6F3982CCA222E00BE127A /* Build configuration list for PBXProject "CrashlyticsCocoaPods" */ = {
			isa = XCConfigurationList;
			buildConfigurations = (
				61A6F3B32CCA223000BE127A /* Debug */,
				61A6F3B42CCA223000BE127A /* Release */,
			);
			defaultConfigurationIsVisible = 0;
			defaultConfigurationName = Release;
		};
		61A6F3B02CCA223000BE127A /* Build configuration list for PBXNativeTarget "CrashlyticsCocoaPods" */ = {
			isa = XCConfigurationList;
			buildConfigurations = (
				61A6F3B12CCA223000BE127A /* Debug */,
				61A6F3B22CCA223000BE127A /* Release */,
			);
			defaultConfigurationIsVisible = 0;
			defaultConfigurationName = Release;
		};
/* End XCConfigurationList section */
	};
	rootObject = 61A6F3952CCA222E00BE127A /* Project object */;
}
